
Microsoft Visual Studio Solution File, Format Version 12.00
# Visual Studio Version 16
VisualStudioVersion = 16.0.30114.105
MinimumVisualStudioVersion = 10.0.40219.1
Project("{FAE04EC0-301F-11D3-BF4B-00C04F79EFBC}") = "CadastroCliente.Application", "CadastroCliente.Application\CadastroCliente.Application.csproj", "{282045C3-2AFC-4637-A82A-45CA1297451E}"
EndProject
Project("{FAE04EC0-301F-11D3-BF4B-00C04F79EFBC}") = "CadastroCliente.Domain", "CadastroCliente.Domain\CadastroCliente.Domain.csproj", "{E4761611-2DD0-4B0C-88D2-BA48C6C38092}"
EndProject
Project("{FAE04EC0-301F-11D3-BF4B-00C04F79EFBC}") = "CadastroCliente.API", "CadastroCliente.Api\CadastroCliente.API.csproj", "{CE0E69B7-8085-439F-9CDD-92486B79204D}"
EndProject
Project("{FAE04EC0-301F-11D3-BF4B-00C04F79EFBC}") = "CadastroCliente.Infra", "CadastroCliente.Infra\CadastroCliente.Infra.csproj", "{56395BA9-016C-4FAE-9EF3-B4D0243BB32D}"
EndProject
Global
	GlobalSection(SolutionConfigurationPlatforms) = preSolution
		Debug|Any CPU = Debug|Any CPU
		Release|Any CPU = Release|Any CPU
	EndGlobalSection
	GlobalSection(SolutionProperties) = preSolution
		HideSolutionNode = FALSE
	EndGlobalSection
	GlobalSection(ProjectConfigurationPlatforms) = postSolution
		{282045C3-2AFC-4637-A82A-45CA1297451E}.Debug|Any CPU.ActiveCfg = Debug|Any CPU
		{282045C3-2AFC-4637-A82A-45CA1297451E}.Debug|Any CPU.Build.0 = Debug|Any CPU
		{282045C3-2AFC-4637-A82A-45CA1297451E}.Release|Any CPU.ActiveCfg = Release|Any CPU
		{282045C3-2AFC-4637-A82A-45CA1297451E}.Release|Any CPU.Build.0 = Release|Any CPU
		{E4761611-2DD0-4B0C-88D2-BA48C6C38092}.Debug|Any CPU.ActiveCfg = Debug|Any CPU
		{E4761611-2DD0-4B0C-88D2-BA48C6C38092}.Debug|Any CPU.Build.0 = Debug|Any CPU
		{E4761611-2DD0-4B0C-88D2-BA48C6C38092}.Release|Any CPU.ActiveCfg = Release|Any CPU
		{E4761611-2DD0-4B0C-88D2-BA48C6C38092}.Release|Any CPU.Build.0 = Release|Any CPU
		{CE0E69B7-8085-439F-9CDD-92486B79204D}.Debug|Any CPU.ActiveCfg = Debug|Any CPU
		{CE0E69B7-8085-439F-9CDD-92486B79204D}.Debug|Any CPU.Build.0 = Debug|Any CPU
		{CE0E69B7-8085-439F-9CDD-92486B79204D}.Release|Any CPU.ActiveCfg = Release|Any CPU
		{CE0E69B7-8085-439F-9CDD-92486B79204D}.Release|Any CPU.Build.0 = Release|Any CPU
		{56395BA9-016C-4FAE-9EF3-B4D0243BB32D}.Debug|Any CPU.ActiveCfg = Debug|Any CPU
		{56395BA9-016C-4FAE-9EF3-B4D0243BB32D}.Debug|Any CPU.Build.0 = Debug|Any CPU
		{56395BA9-016C-4FAE-9EF3-B4D0243BB32D}.Release|Any CPU.ActiveCfg = Release|Any CPU
		{56395BA9-016C-4FAE-9EF3-B4D0243BB32D}.Release|Any CPU.Build.0 = Release|Any CPU
	EndGlobalSection
EndGlobal
